// !$*UTF8*$!
{
	archiveVersion = 1;
	classes = {
	};
	objectVersion = 55;
	objects = {

/* Begin PBXBuildFile section */
		5628205D97A1BC004EA600AC /* MWWeatherData.m in Sources */ = {isa = PBXBuildFile; fileRef = 5628224DC6BAC9617FA858C5 /* MWWeatherData.m */; };
		5628214332709D825D026EF4 /* current.example.json in Resources */ = {isa = PBXBuildFile; fileRef = 56282FA0F2A969F7063C5EA6 /* current.example.json */; };
		5628234F45DE4E7DE422580E /* MWWindDirection.m in Sources */ = {isa = PBXBuildFile; fileRef = 56282E74A607A179EEF57B8B /* MWWindDirection.m */; };
		5628254ED881818AA097A616 /* MWForecast.m in Sources */ = {isa = PBXBuildFile; fileRef = 5628234B6F307E47E335233F /* MWForecast.m */; };
		562825C49CBB977A8FB32E34 /* onecall.example.json in Resources */ = {isa = PBXBuildFile; fileRef = 562827923931FF220C81D7C2 /* onecall.example.json */; };
		562827642D1F618C255836E1 /* MWWeatherDetailViewController.m in Sources */ = {isa = PBXBuildFile; fileRef = 5628217401E116DE03660FEF /* MWWeatherDetailViewController.m */; };
		5628293E40A4669201549761 /* MWManagers.m in Sources */ = {isa = PBXBuildFile; fileRef = 5628259BEF376B656E6B2D86 /* MWManagers.m */; };
		56282A41D2427EA83CB70BD6 /* MWPoi.m in Sources */ = {isa = PBXBuildFile; fileRef = 5628272E19992AF864ECD154 /* MWPoi.m */; };
		56282B5D2B25929DF99251CC /* MWFavouritesCache.m in Sources */ = {isa = PBXBuildFile; fileRef = 56282017A9BDC65BC52CAF3E /* MWFavouritesCache.m */; };
		56282B756F873F5FCB128449 /* MWWeatherCondition.m in Sources */ = {isa = PBXBuildFile; fileRef = 56282868FF5A8563D4512B37 /* MWWeatherCondition.m */; };
		56282B765CE496B957FE9E49 /* LoadingAlert.m in Sources */ = {isa = PBXBuildFile; fileRef = 56282E1CF717153BDFFADEB4 /* LoadingAlert.m */; };
		56282CFF49C95A88A7279EDD /* forecast.example.json in Resources */ = {isa = PBXBuildFile; fileRef = 56282C8BC81CB76B98AB2062 /* forecast.example.json */; };
		56282D5808FE38BC520F35CD /* MWPoi+WeatherAnnotation.m in Sources */ = {isa = PBXBuildFile; fileRef = 56282D5819FED623ADE342ED /* MWPoi+WeatherAnnotation.m */; };
		6B1EFB9F2846301E00423770 /* MWMyPositionViewController.m in Sources */ = {isa = PBXBuildFile; fileRef = 6B1EFB9E2846301E00423770 /* MWMyPositionViewController.m */; };
		6B2DEC7A2837ED3800BCA6FB /* MWFavouritePoisViewController.m in Sources */ = {isa = PBXBuildFile; fileRef = 6B2DEC792837ED3800BCA6FB /* MWFavouritePoisViewController.m */; };
		6B520B43285B202F00085C99 /* MWSearchViewController.m in Sources */ = {isa = PBXBuildFile; fileRef = 6B520B42285B202F00085C99 /* MWSearchViewController.m */; };
		6B53176D284CE9B800782F31 /* MWWeatherCardView.xib in Resources */ = {isa = PBXBuildFile; fileRef = 562825FF15A466E02F7DA278 /* MWWeatherCardView.xib */; };
		6B5C362C2830FA6500CBF5EA /* CoreLocation.framework in Frameworks */ = {isa = PBXBuildFile; fileRef = 6B5C362B2830FA6500CBF5EA /* CoreLocation.framework */; };
		6B5C363028310AC000CBF5EA /* MWUtils.m in Sources */ = {isa = PBXBuildFile; fileRef = 6B5C362F28310AC000CBF5EA /* MWUtils.m */; };
		6B6B4EB2283D10A300EAA446 /* MWSettingsViewController.m in Sources */ = {isa = PBXBuildFile; fileRef = 6B6B4EB1283D10A300EAA446 /* MWSettingsViewController.m */; };
		6B9BCF582861C80B0050AAE1 /* MWWeatherMapViewController.m in Sources */ = {isa = PBXBuildFile; fileRef = 6B9BCF572861C80B0050AAE1 /* MWWeatherMapViewController.m */; };
		6BB23245284CB49300F75CEC /* MWWeatherCardView.m in Sources */ = {isa = PBXBuildFile; fileRef = 6BB23244284CB49300F75CEC /* MWWeatherCardView.m */; };
		6BF0C9C32827AE7B00163E04 /* AppDelegate.m in Sources */ = {isa = PBXBuildFile; fileRef = 6BF0C9C22827AE7B00163E04 /* AppDelegate.m */; };
		6BF0C9C62827AE7B00163E04 /* SceneDelegate.m in Sources */ = {isa = PBXBuildFile; fileRef = 6BF0C9C52827AE7B00163E04 /* SceneDelegate.m */; };
		6BF0C9CC2827AE7B00163E04 /* Main.storyboard in Resources */ = {isa = PBXBuildFile; fileRef = 6BF0C9CA2827AE7B00163E04 /* Main.storyboard */; };
		6BF0C9CE2827AE7F00163E04 /* Assets.xcassets in Resources */ = {isa = PBXBuildFile; fileRef = 6BF0C9CD2827AE7F00163E04 /* Assets.xcassets */; };
		6BF0C9D12827AE7F00163E04 /* LaunchScreen.storyboard in Resources */ = {isa = PBXBuildFile; fileRef = 6BF0C9CF2827AE7F00163E04 /* LaunchScreen.storyboard */; };
		6BF0C9D42827AE7F00163E04 /* main.m in Sources */ = {isa = PBXBuildFile; fileRef = 6BF0C9D32827AE7F00163E04 /* main.m */; };
		6BF0C9DD2827BEFA00163E04 /* MapKit.framework in Frameworks */ = {isa = PBXBuildFile; fileRef = 6BF0C9DC2827BEFA00163E04 /* MapKit.framework */; settings = {ATTRIBUTES = (Required, ); }; };
/* End PBXBuildFile section */

/* Begin PBXFileReference section */
		56282017A9BDC65BC52CAF3E /* MWFavouritesCache.m */ = {isa = PBXFileReference; fileEncoding = 4; lastKnownFileType = sourcecode.c.objc; path = MWFavouritesCache.m; sourceTree = "<group>"; };
		5628213B17B7530CE3A76723 /* MWWeatherCondition.h */ = {isa = PBXFileReference; fileEncoding = 4; lastKnownFileType = sourcecode.c.h; path = MWWeatherCondition.h; sourceTree = "<group>"; };
		5628217401E116DE03660FEF /* MWWeatherDetailViewController.m */ = {isa = PBXFileReference; fileEncoding = 4; lastKnownFileType = sourcecode.c.objc; path = MWWeatherDetailViewController.m; sourceTree = "<group>"; };
		5628224DC6BAC9617FA858C5 /* MWWeatherData.m */ = {isa = PBXFileReference; fileEncoding = 4; lastKnownFileType = sourcecode.c.objc; path = MWWeatherData.m; sourceTree = "<group>"; };
		5628234B6F307E47E335233F /* MWForecast.m */ = {isa = PBXFileReference; fileEncoding = 4; lastKnownFileType = sourcecode.c.objc; path = MWForecast.m; sourceTree = "<group>"; };
		5628244A887EB55A481F80A6 /* MWManagers.h */ = {isa = PBXFileReference; fileEncoding = 4; lastKnownFileType = sourcecode.c.h; path = MWManagers.h; sourceTree = "<group>"; };
		5628245907FE9FF00903C29E /* LoadingAlert.h */ = {isa = PBXFileReference; fileEncoding = 4; lastKnownFileType = sourcecode.c.h; path = LoadingAlert.h; sourceTree = "<group>"; };
		562825952194D9FFE34C45F9 /* MWFavouritesCache.h */ = {isa = PBXFileReference; fileEncoding = 4; lastKnownFileType = sourcecode.c.h; path = MWFavouritesCache.h; sourceTree = "<group>"; };
		5628259BEF376B656E6B2D86 /* MWManagers.m */ = {isa = PBXFileReference; fileEncoding = 4; lastKnownFileType = sourcecode.c.objc; path = MWManagers.m; sourceTree = "<group>"; };
		562825FF15A466E02F7DA278 /* MWWeatherCardView.xib */ = {isa = PBXFileReference; lastKnownFileType = file.xib; path = MWWeatherCardView.xib; sourceTree = "<group>"; };
		56282670289B9C795DA8E80F /* MWPoi.h */ = {isa = PBXFileReference; fileEncoding = 4; lastKnownFileType = sourcecode.c.h; path = MWPoi.h; sourceTree = "<group>"; };
		5628272E19992AF864ECD154 /* MWPoi.m */ = {isa = PBXFileReference; fileEncoding = 4; lastKnownFileType = sourcecode.c.objc; path = MWPoi.m; sourceTree = "<group>"; };
		5628278BBF450BB49D61C771 /* MWWindDirection.h */ = {isa = PBXFileReference; fileEncoding = 4; lastKnownFileType = sourcecode.c.h; path = MWWindDirection.h; sourceTree = "<group>"; };
		562827923931FF220C81D7C2 /* onecall.example.json */ = {isa = PBXFileReference; fileEncoding = 4; lastKnownFileType = text.json; path = onecall.example.json; sourceTree = "<group>"; };
		56282868FF5A8563D4512B37 /* MWWeatherCondition.m */ = {isa = PBXFileReference; fileEncoding = 4; lastKnownFileType = sourcecode.c.objc; path = MWWeatherCondition.m; sourceTree = "<group>"; };
		562829518B134810E1670670 /* MWPoi+WeatherAnnotation.h */ = {isa = PBXFileReference; fileEncoding = 4; lastKnownFileType = sourcecode.c.h; path = "MWPoi+WeatherAnnotation.h"; sourceTree = "<group>"; };
		56282AF2472971ABD627B745 /* MWSettings.h */ = {isa = PBXFileReference; fileEncoding = 4; lastKnownFileType = sourcecode.c.h; path = MWSettings.h; sourceTree = "<group>"; };
		56282C562123E2DB8E2FEDBB /* MWWeatherData.h */ = {isa = PBXFileReference; fileEncoding = 4; lastKnownFileType = sourcecode.c.h; path = MWWeatherData.h; sourceTree = "<group>"; };
		56282C8BC81CB76B98AB2062 /* forecast.example.json */ = {isa = PBXFileReference; fileEncoding = 4; lastKnownFileType = text.json; path = forecast.example.json; sourceTree = "<group>"; };
		56282D5819FED623ADE342ED /* MWPoi+WeatherAnnotation.m */ = {isa = PBXFileReference; fileEncoding = 4; lastKnownFileType = sourcecode.c.objc; path = "MWPoi+WeatherAnnotation.m"; sourceTree = "<group>"; };
		56282E1CF717153BDFFADEB4 /* LoadingAlert.m */ = {isa = PBXFileReference; fileEncoding = 4; lastKnownFileType = sourcecode.c.objc; path = LoadingAlert.m; sourceTree = "<group>"; };
		56282E698F677549200FB95E /* MWWeatherDetailViewController.h */ = {isa = PBXFileReference; fileEncoding = 4; lastKnownFileType = sourcecode.c.h; path = MWWeatherDetailViewController.h; sourceTree = "<group>"; };
		56282E74A607A179EEF57B8B /* MWWindDirection.m */ = {isa = PBXFileReference; fileEncoding = 4; lastKnownFileType = sourcecode.c.objc; path = MWWindDirection.m; sourceTree = "<group>"; };
		56282E8B339A4056AB120441 /* MWForecast.h */ = {isa = PBXFileReference; fileEncoding = 4; lastKnownFileType = sourcecode.c.h; path = MWForecast.h; sourceTree = "<group>"; };
		56282FA0F2A969F7063C5EA6 /* current.example.json */ = {isa = PBXFileReference; fileEncoding = 4; lastKnownFileType = text.json; path = current.example.json; sourceTree = "<group>"; };
		6B1EFB9D2846301E00423770 /* MWMyPositionViewController.h */ = {isa = PBXFileReference; lastKnownFileType = sourcecode.c.h; path = MWMyPositionViewController.h; sourceTree = "<group>"; };
		6B1EFB9E2846301E00423770 /* MWMyPositionViewController.m */ = {isa = PBXFileReference; lastKnownFileType = sourcecode.c.objc; path = MWMyPositionViewController.m; sourceTree = "<group>"; };
		6B2DEC782837ED3800BCA6FB /* MWFavouritePoisViewController.h */ = {isa = PBXFileReference; lastKnownFileType = sourcecode.c.h; path = MWFavouritePoisViewController.h; sourceTree = "<group>"; };
		6B2DEC792837ED3800BCA6FB /* MWFavouritePoisViewController.m */ = {isa = PBXFileReference; lastKnownFileType = sourcecode.c.objc; path = MWFavouritePoisViewController.m; sourceTree = "<group>"; };
		6B520B41285B202F00085C99 /* MWSearchViewController.h */ = {isa = PBXFileReference; lastKnownFileType = sourcecode.c.h; path = MWSearchViewController.h; sourceTree = "<group>"; };
		6B520B42285B202F00085C99 /* MWSearchViewController.m */ = {isa = PBXFileReference; lastKnownFileType = sourcecode.c.objc; path = MWSearchViewController.m; sourceTree = "<group>"; };
		6B5C362B2830FA6500CBF5EA /* CoreLocation.framework */ = {isa = PBXFileReference; lastKnownFileType = wrapper.framework; name = CoreLocation.framework; path = System/Library/Frameworks/CoreLocation.framework; sourceTree = SDKROOT; };
		6B5C362E28310AC000CBF5EA /* MWUtils.h */ = {isa = PBXFileReference; lastKnownFileType = sourcecode.c.h; path = MWUtils.h; sourceTree = "<group>"; };
		6B5C362F28310AC000CBF5EA /* MWUtils.m */ = {isa = PBXFileReference; lastKnownFileType = sourcecode.c.objc; path = MWUtils.m; sourceTree = "<group>"; };
		6B6B4EB0283D10A300EAA446 /* MWSettingsViewController.h */ = {isa = PBXFileReference; lastKnownFileType = sourcecode.c.h; path = MWSettingsViewController.h; sourceTree = "<group>"; };
		6B6B4EB1283D10A300EAA446 /* MWSettingsViewController.m */ = {isa = PBXFileReference; lastKnownFileType = sourcecode.c.objc; path = MWSettingsViewController.m; sourceTree = "<group>"; };
		6B9BCF562861C80B0050AAE1 /* MWWeatherMapViewController.h */ = {isa = PBXFileReference; lastKnownFileType = sourcecode.c.h; path = MWWeatherMapViewController.h; sourceTree = "<group>"; };
		6B9BCF572861C80B0050AAE1 /* MWWeatherMapViewController.m */ = {isa = PBXFileReference; lastKnownFileType = sourcecode.c.objc; path = MWWeatherMapViewController.m; sourceTree = "<group>"; };
		6BB23243284CB49300F75CEC /* MWWeatherCardView.h */ = {isa = PBXFileReference; lastKnownFileType = sourcecode.c.h; path = MWWeatherCardView.h; sourceTree = "<group>"; };
		6BB23244284CB49300F75CEC /* MWWeatherCardView.m */ = {isa = PBXFileReference; lastKnownFileType = sourcecode.c.objc; path = MWWeatherCardView.m; sourceTree = "<group>"; };
		6BC385BB284A4ADF00F25E74 /* position.gpx */ = {isa = PBXFileReference; lastKnownFileType = text.xml; name = position.gpx; path = ../geocoding/position.gpx; sourceTree = "<group>"; };
		6BF0C9BE2827AE7B00163E04 /* MyWeather.app */ = {isa = PBXFileReference; explicitFileType = wrapper.application; includeInIndex = 0; path = MyWeather.app; sourceTree = BUILT_PRODUCTS_DIR; };
		6BF0C9C12827AE7B00163E04 /* AppDelegate.h */ = {isa = PBXFileReference; lastKnownFileType = sourcecode.c.h; path = AppDelegate.h; sourceTree = "<group>"; };
		6BF0C9C22827AE7B00163E04 /* AppDelegate.m */ = {isa = PBXFileReference; lastKnownFileType = sourcecode.c.objc; path = AppDelegate.m; sourceTree = "<group>"; };
		6BF0C9C42827AE7B00163E04 /* SceneDelegate.h */ = {isa = PBXFileReference; lastKnownFileType = sourcecode.c.h; path = SceneDelegate.h; sourceTree = "<group>"; };
		6BF0C9C52827AE7B00163E04 /* SceneDelegate.m */ = {isa = PBXFileReference; lastKnownFileType = sourcecode.c.objc; path = SceneDelegate.m; sourceTree = "<group>"; };
		6BF0C9CB2827AE7B00163E04 /* Base */ = {isa = PBXFileReference; lastKnownFileType = file.storyboard; name = Base; path = Base.lproj/Main.storyboard; sourceTree = "<group>"; };
		6BF0C9CD2827AE7F00163E04 /* Assets.xcassets */ = {isa = PBXFileReference; lastKnownFileType = folder.assetcatalog; path = Assets.xcassets; sourceTree = "<group>"; };
		6BF0C9D02827AE7F00163E04 /* Base */ = {isa = PBXFileReference; lastKnownFileType = file.storyboard; name = Base; path = Base.lproj/LaunchScreen.storyboard; sourceTree = "<group>"; };
		6BF0C9D22827AE7F00163E04 /* Info.plist */ = {isa = PBXFileReference; lastKnownFileType = text.plist.xml; path = Info.plist; sourceTree = "<group>"; };
		6BF0C9D32827AE7F00163E04 /* main.m */ = {isa = PBXFileReference; lastKnownFileType = sourcecode.c.objc; path = main.m; sourceTree = "<group>"; };
		6BF0C9DA2827BB6400163E04 /* README.md */ = {isa = PBXFileReference; lastKnownFileType = net.daringfireball.markdown; path = README.md; sourceTree = "<group>"; };
		6BF0C9DC2827BEFA00163E04 /* MapKit.framework */ = {isa = PBXFileReference; lastKnownFileType = wrapper.framework; name = MapKit.framework; path = System/Library/Frameworks/MapKit.framework; sourceTree = SDKROOT; };
/* End PBXFileReference section */

/* Begin PBXFrameworksBuildPhase section */
		6BF0C9BB2827AE7B00163E04 /* Frameworks */ = {
			isa = PBXFrameworksBuildPhase;
			buildActionMask = 2147483647;
			files = (
				6B5C362C2830FA6500CBF5EA /* CoreLocation.framework in Frameworks */,
				6BF0C9DD2827BEFA00163E04 /* MapKit.framework in Frameworks */,
			);
			runOnlyForDeploymentPostprocessing = 0;
		};
/* End PBXFrameworksBuildPhase section */

/* Begin PBXGroup section */
		56282BB0B5D1C8AF2AB353D5 /* Detail */ = {
			isa = PBXGroup;
			children = (
				56282E698F677549200FB95E /* MWWeatherDetailViewController.h */,
				5628217401E116DE03660FEF /* MWWeatherDetailViewController.m */,
			);
			path = Detail;
			sourceTree = "<group>";
		};
		6B2DEC772837ECDC00BCA6FB /* Controllers */ = {
			isa = PBXGroup;
			children = (
				6B2DEC782837ED3800BCA6FB /* MWFavouritePoisViewController.h */,
				6B2DEC792837ED3800BCA6FB /* MWFavouritePoisViewController.m */,
				6B6B4EB0283D10A300EAA446 /* MWSettingsViewController.h */,
				6B6B4EB1283D10A300EAA446 /* MWSettingsViewController.m */,
				6B1EFB9D2846301E00423770 /* MWMyPositionViewController.h */,
				6B1EFB9E2846301E00423770 /* MWMyPositionViewController.m */,
				56282BB0B5D1C8AF2AB353D5 /* Detail */,
				6B520B41285B202F00085C99 /* MWSearchViewController.h */,
				6B520B42285B202F00085C99 /* MWSearchViewController.m */,
				6B9BCF562861C80B0050AAE1 /* MWWeatherMapViewController.h */,
				6B9BCF572861C80B0050AAE1 /* MWWeatherMapViewController.m */,
			);
			path = Controllers;
			sourceTree = "<group>";
		};
		6B5C362D28310A6C00CBF5EA /* Utilities */ = {
			isa = PBXGroup;
			children = (
				6B5C362E28310AC000CBF5EA /* MWUtils.h */,
				6B5C362F28310AC000CBF5EA /* MWUtils.m */,
				5628259BEF376B656E6B2D86 /* MWManagers.m */,
				5628244A887EB55A481F80A6 /* MWManagers.h */,
				56282AF2472971ABD627B745 /* MWSettings.h */,
			);
			path = Utilities;
			sourceTree = "<group>";
		};
		6B5C363128310D4100CBF5EA /* Models */ = {
			isa = PBXGroup;
			children = (
				5628272E19992AF864ECD154 /* MWPoi.m */,
				56282670289B9C795DA8E80F /* MWPoi.h */,
				5628234B6F307E47E335233F /* MWForecast.m */,
				56282E8B339A4056AB120441 /* MWForecast.h */,
				5628224DC6BAC9617FA858C5 /* MWWeatherData.m */,
				56282C562123E2DB8E2FEDBB /* MWWeatherData.h */,
				56282868FF5A8563D4512B37 /* MWWeatherCondition.m */,
				5628213B17B7530CE3A76723 /* MWWeatherCondition.h */,
				56282E74A607A179EEF57B8B /* MWWindDirection.m */,
				5628278BBF450BB49D61C771 /* MWWindDirection.h */,
				56282017A9BDC65BC52CAF3E /* MWFavouritesCache.m */,
				562825952194D9FFE34C45F9 /* MWFavouritesCache.h */,
				56282D5819FED623ADE342ED /* MWPoi+WeatherAnnotation.m */,
				562829518B134810E1670670 /* MWPoi+WeatherAnnotation.h */,
			);
			path = Models;
			sourceTree = "<group>";
		};
		6BB23242284CB46500F75CEC /* Views */ = {
			isa = PBXGroup;
			children = (
				6BB23243284CB49300F75CEC /* MWWeatherCardView.h */,
				6BB23244284CB49300F75CEC /* MWWeatherCardView.m */,
				562825FF15A466E02F7DA278 /* MWWeatherCardView.xib */,
				56282E1CF717153BDFFADEB4 /* LoadingAlert.m */,
				5628245907FE9FF00903C29E /* LoadingAlert.h */,
			);
			path = Views;
			sourceTree = "<group>";
		};
		6BF0C9B52827AE7B00163E04 = {
			isa = PBXGroup;
			children = (
				6BC385BB284A4ADF00F25E74 /* position.gpx */,
				6BF0C9C02827AE7B00163E04 /* MyWeather */,
				6BF0C9BF2827AE7B00163E04 /* Products */,
				6BF0C9DB2827BEFA00163E04 /* Frameworks */,
			);
			sourceTree = "<group>";
		};
		6BF0C9BF2827AE7B00163E04 /* Products */ = {
			isa = PBXGroup;
			children = (
				6BF0C9BE2827AE7B00163E04 /* MyWeather.app */,
			);
			name = Products;
			sourceTree = "<group>";
		};
		6BF0C9C02827AE7B00163E04 /* MyWeather */ = {
			isa = PBXGroup;
			children = (
				6BB23242284CB46500F75CEC /* Views */,
				6B2DEC772837ECDC00BCA6FB /* Controllers */,
				6B5C363128310D4100CBF5EA /* Models */,
				6B5C362D28310A6C00CBF5EA /* Utilities */,
				6BF0C9C12827AE7B00163E04 /* AppDelegate.h */,
				6BF0C9C22827AE7B00163E04 /* AppDelegate.m */,
				6BF0C9C42827AE7B00163E04 /* SceneDelegate.h */,
				6BF0C9C52827AE7B00163E04 /* SceneDelegate.m */,
				6BF0C9CA2827AE7B00163E04 /* Main.storyboard */,
				6BF0C9CD2827AE7F00163E04 /* Assets.xcassets */,
				6BF0C9CF2827AE7F00163E04 /* LaunchScreen.storyboard */,
				6BF0C9D22827AE7F00163E04 /* Info.plist */,
				6BF0C9D32827AE7F00163E04 /* main.m */,
				6BF0C9DA2827BB6400163E04 /* README.md */,
				56282FA0F2A969F7063C5EA6 /* current.example.json */,
				562827923931FF220C81D7C2 /* onecall.example.json */,
				56282C8BC81CB76B98AB2062 /* forecast.example.json */,
			);
			path = MyWeather;
			sourceTree = "<group>";
		};
		6BF0C9DB2827BEFA00163E04 /* Frameworks */ = {
			isa = PBXGroup;
			children = (
				6B5C362B2830FA6500CBF5EA /* CoreLocation.framework */,
				6BF0C9DC2827BEFA00163E04 /* MapKit.framework */,
			);
			name = Frameworks;
			sourceTree = "<group>";
		};
/* End PBXGroup section */

/* Begin PBXNativeTarget section */
		6BF0C9BD2827AE7B00163E04 /* MyWeather */ = {
			isa = PBXNativeTarget;
			buildConfigurationList = 6BF0C9D72827AE7F00163E04 /* Build configuration list for PBXNativeTarget "MyWeather" */;
			buildPhases = (
				6BF0C9BA2827AE7B00163E04 /* Sources */,
				6BF0C9BB2827AE7B00163E04 /* Frameworks */,
				6BF0C9BC2827AE7B00163E04 /* Resources */,
			);
			buildRules = (
			);
			dependencies = (
			);
			name = MyWeather;
			productName = MyWeather;
			productReference = 6BF0C9BE2827AE7B00163E04 /* MyWeather.app */;
			productType = "com.apple.product-type.application";
		};
/* End PBXNativeTarget section */

/* Begin PBXProject section */
		6BF0C9B62827AE7B00163E04 /* Project object */ = {
			isa = PBXProject;
			attributes = {
				BuildIndependentTargetsInParallel = 1;
				LastUpgradeCheck = 1330;
				TargetAttributes = {
					6BF0C9BD2827AE7B00163E04 = {
						CreatedOnToolsVersion = 13.3.1;
					};
				};
			};
			buildConfigurationList = 6BF0C9B92827AE7B00163E04 /* Build configuration list for PBXProject "MyWeather" */;
			compatibilityVersion = "Xcode 13.0";
			developmentRegion = en;
			hasScannedForEncodings = 0;
			knownRegions = (
				en,
				Base,
			);
			mainGroup = 6BF0C9B52827AE7B00163E04;
			productRefGroup = 6BF0C9BF2827AE7B00163E04 /* Products */;
			projectDirPath = "";
			projectRoot = "";
			targets = (
				6BF0C9BD2827AE7B00163E04 /* MyWeather */,
			);
		};
/* End PBXProject section */

/* Begin PBXResourcesBuildPhase section */
		6BF0C9BC2827AE7B00163E04 /* Resources */ = {
			isa = PBXResourcesBuildPhase;
			buildActionMask = 2147483647;
			files = (
				6B53176D284CE9B800782F31 /* MWWeatherCardView.xib in Resources */,
				6BF0C9D12827AE7F00163E04 /* LaunchScreen.storyboard in Resources */,
				6BF0C9CE2827AE7F00163E04 /* Assets.xcassets in Resources */,
				6BF0C9CC2827AE7B00163E04 /* Main.storyboard in Resources */,
				5628214332709D825D026EF4 /* current.example.json in Resources */,
				562825C49CBB977A8FB32E34 /* onecall.example.json in Resources */,
				56282CFF49C95A88A7279EDD /* forecast.example.json in Resources */,
			);
			runOnlyForDeploymentPostprocessing = 0;
		};
/* End PBXResourcesBuildPhase section */

/* Begin PBXSourcesBuildPhase section */
		6BF0C9BA2827AE7B00163E04 /* Sources */ = {
			isa = PBXSourcesBuildPhase;
			buildActionMask = 2147483647;
			files = (
				6B9BCF582861C80B0050AAE1 /* MWWeatherMapViewController.m in Sources */,
				6BF0C9C32827AE7B00163E04 /* AppDelegate.m in Sources */,
				6BF0C9D42827AE7F00163E04 /* main.m in Sources */,
				6BF0C9C62827AE7B00163E04 /* SceneDelegate.m in Sources */,
				6B5C363028310AC000CBF5EA /* MWUtils.m in Sources */,
				6B1EFB9F2846301E00423770 /* MWMyPositionViewController.m in Sources */,
				56282A41D2427EA83CB70BD6 /* MWPoi.m in Sources */,
				5628293E40A4669201549761 /* MWManagers.m in Sources */,
				6BB23245284CB49300F75CEC /* MWWeatherCardView.m in Sources */,
				5628254ED881818AA097A616 /* MWForecast.m in Sources */,
				5628205D97A1BC004EA600AC /* MWWeatherData.m in Sources */,
				6B6B4EB2283D10A300EAA446 /* MWSettingsViewController.m in Sources */,
				6B520B43285B202F00085C99 /* MWSearchViewController.m in Sources */,
				56282B756F873F5FCB128449 /* MWWeatherCondition.m in Sources */,
				6B2DEC7A2837ED3800BCA6FB /* MWFavouritePoisViewController.m in Sources */,
				5628234F45DE4E7DE422580E /* MWWindDirection.m in Sources */,
				56282B5D2B25929DF99251CC /* MWFavouritesCache.m in Sources */,
				562827642D1F618C255836E1 /* MWWeatherDetailViewController.m in Sources */,
				56282B765CE496B957FE9E49 /* LoadingAlert.m in Sources */,
				56282D5808FE38BC520F35CD /* MWPoi+WeatherAnnotation.m in Sources */,
			);
			runOnlyForDeploymentPostprocessing = 0;
		};
/* End PBXSourcesBuildPhase section */

/* Begin PBXVariantGroup section */
		6BF0C9CA2827AE7B00163E04 /* Main.storyboard */ = {
			isa = PBXVariantGroup;
			children = (
				6BF0C9CB2827AE7B00163E04 /* Base */,
			);
			name = Main.storyboard;
			sourceTree = "<group>";
		};
		6BF0C9CF2827AE7F00163E04 /* LaunchScreen.storyboard */ = {
			isa = PBXVariantGroup;
			children = (
				6BF0C9D02827AE7F00163E04 /* Base */,
			);
			name = LaunchScreen.storyboard;
			sourceTree = "<group>";
		};
/* End PBXVariantGroup section */

/* Begin XCBuildConfiguration section */
		6BF0C9D52827AE7F00163E04 /* Debug */ = {
			isa = XCBuildConfiguration;
			buildSettings = {
				ALWAYS_SEARCH_USER_PATHS = NO;
				CLANG_ANALYZER_NONNULL = YES;
				CLANG_ANALYZER_NUMBER_OBJECT_CONVERSION = YES_AGGRESSIVE;
				CLANG_CXX_LANGUAGE_STANDARD = "gnu++17";
				CLANG_ENABLE_MODULES = YES;
				CLANG_ENABLE_OBJC_ARC = YES;
				CLANG_ENABLE_OBJC_WEAK = YES;
				CLANG_WARN_BLOCK_CAPTURE_AUTORELEASING = YES;
				CLANG_WARN_BOOL_CONVERSION = YES;
				CLANG_WARN_COMMA = YES;
				CLANG_WARN_CONSTANT_CONVERSION = YES;
				CLANG_WARN_DEPRECATED_OBJC_IMPLEMENTATIONS = YES;
				CLANG_WARN_DIRECT_OBJC_ISA_USAGE = YES_ERROR;
				CLANG_WARN_DOCUMENTATION_COMMENTS = YES;
				CLANG_WARN_EMPTY_BODY = YES;
				CLANG_WARN_ENUM_CONVERSION = YES;
				CLANG_WARN_INFINITE_RECURSION = YES;
				CLANG_WARN_INT_CONVERSION = YES;
				CLANG_WARN_NON_LITERAL_NULL_CONVERSION = YES;
				CLANG_WARN_OBJC_IMPLICIT_RETAIN_SELF = YES;
				CLANG_WARN_OBJC_LITERAL_CONVERSION = YES;
				CLANG_WARN_OBJC_ROOT_CLASS = YES_ERROR;
				CLANG_WARN_QUOTED_INCLUDE_IN_FRAMEWORK_HEADER = YES;
				CLANG_WARN_RANGE_LOOP_ANALYSIS = YES;
				CLANG_WARN_STRICT_PROTOTYPES = YES;
				CLANG_WARN_SUSPICIOUS_MOVE = YES;
				CLANG_WARN_UNGUARDED_AVAILABILITY = YES_AGGRESSIVE;
				CLANG_WARN_UNREACHABLE_CODE = YES;
				CLANG_WARN__DUPLICATE_METHOD_MATCH = YES;
				COPY_PHASE_STRIP = NO;
				DEBUG_INFORMATION_FORMAT = dwarf;
				ENABLE_STRICT_OBJC_MSGSEND = YES;
				ENABLE_TESTABILITY = YES;
				GCC_C_LANGUAGE_STANDARD = gnu11;
				GCC_DYNAMIC_NO_PIC = NO;
				GCC_NO_COMMON_BLOCKS = YES;
				GCC_OPTIMIZATION_LEVEL = 0;
				GCC_PREPROCESSOR_DEFINITIONS = (
					"DEBUG=1",
					"$(inherited)",
				);
				GCC_WARN_64_TO_32_BIT_CONVERSION = YES;
				GCC_WARN_ABOUT_RETURN_TYPE = YES_ERROR;
				GCC_WARN_UNDECLARED_SELECTOR = YES;
				GCC_WARN_UNINITIALIZED_AUTOS = YES_AGGRESSIVE;
				GCC_WARN_UNUSED_FUNCTION = YES;
				GCC_WARN_UNUSED_VARIABLE = YES;
				IPHONEOS_DEPLOYMENT_TARGET = 15.4;
				MTL_ENABLE_DEBUG_INFO = INCLUDE_SOURCE;
				MTL_FAST_MATH = YES;
				ONLY_ACTIVE_ARCH = YES;
				SDKROOT = iphoneos;
			};
			name = Debug;
		};
		6BF0C9D62827AE7F00163E04 /* Release */ = {
			isa = XCBuildConfiguration;
			buildSettings = {
				ALWAYS_SEARCH_USER_PATHS = NO;
				CLANG_ANALYZER_NONNULL = YES;
				CLANG_ANALYZER_NUMBER_OBJECT_CONVERSION = YES_AGGRESSIVE;
				CLANG_CXX_LANGUAGE_STANDARD = "gnu++17";
				CLANG_ENABLE_MODULES = YES;
				CLANG_ENABLE_OBJC_ARC = YES;
				CLANG_ENABLE_OBJC_WEAK = YES;
				CLANG_WARN_BLOCK_CAPTURE_AUTORELEASING = YES;
				CLANG_WARN_BOOL_CONVERSION = YES;
				CLANG_WARN_COMMA = YES;
				CLANG_WARN_CONSTANT_CONVERSION = YES;
				CLANG_WARN_DEPRECATED_OBJC_IMPLEMENTATIONS = YES;
				CLANG_WARN_DIRECT_OBJC_ISA_USAGE = YES_ERROR;
				CLANG_WARN_DOCUMENTATION_COMMENTS = YES;
				CLANG_WARN_EMPTY_BODY = YES;
				CLANG_WARN_ENUM_CONVERSION = YES;
				CLANG_WARN_INFINITE_RECURSION = YES;
				CLANG_WARN_INT_CONVERSION = YES;
				CLANG_WARN_NON_LITERAL_NULL_CONVERSION = YES;
				CLANG_WARN_OBJC_IMPLICIT_RETAIN_SELF = YES;
				CLANG_WARN_OBJC_LITERAL_CONVERSION = YES;
				CLANG_WARN_OBJC_ROOT_CLASS = YES_ERROR;
				CLANG_WARN_QUOTED_INCLUDE_IN_FRAMEWORK_HEADER = YES;
				CLANG_WARN_RANGE_LOOP_ANALYSIS = YES;
				CLANG_WARN_STRICT_PROTOTYPES = YES;
				CLANG_WARN_SUSPICIOUS_MOVE = YES;
				CLANG_WARN_UNGUARDED_AVAILABILITY = YES_AGGRESSIVE;
				CLANG_WARN_UNREACHABLE_CODE = YES;
				CLANG_WARN__DUPLICATE_METHOD_MATCH = YES;
				COPY_PHASE_STRIP = NO;
				DEBUG_INFORMATION_FORMAT = "dwarf-with-dsym";
				ENABLE_NS_ASSERTIONS = NO;
				ENABLE_STRICT_OBJC_MSGSEND = YES;
				GCC_C_LANGUAGE_STANDARD = gnu11;
				GCC_NO_COMMON_BLOCKS = YES;
				GCC_WARN_64_TO_32_BIT_CONVERSION = YES;
				GCC_WARN_ABOUT_RETURN_TYPE = YES_ERROR;
				GCC_WARN_UNDECLARED_SELECTOR = YES;
				GCC_WARN_UNINITIALIZED_AUTOS = YES_AGGRESSIVE;
				GCC_WARN_UNUSED_FUNCTION = YES;
				GCC_WARN_UNUSED_VARIABLE = YES;
				IPHONEOS_DEPLOYMENT_TARGET = 15.4;
				MTL_ENABLE_DEBUG_INFO = NO;
				MTL_FAST_MATH = YES;
				SDKROOT = iphoneos;
				VALIDATE_PRODUCT = YES;
			};
			name = Release;
		};
		6BF0C9D82827AE7F00163E04 /* Debug */ = {
			isa = XCBuildConfiguration;
			buildSettings = {
				ASSETCATALOG_COMPILER_APPICON_NAME = AppIcon;
				ASSETCATALOG_COMPILER_GLOBAL_ACCENT_COLOR_NAME = AccentColor;
				CODE_SIGN_STYLE = Automatic;
				CURRENT_PROJECT_VERSION = 1;
				DEVELOPMENT_TEAM = WTV4VUHMYZ;
				GENERATE_INFOPLIST_FILE = YES;
				INFOPLIST_FILE = MyWeather/Info.plist;
				INFOPLIST_KEY_UIApplicationSupportsIndirectInputEvents = YES;
				INFOPLIST_KEY_UILaunchStoryboardName = LaunchScreen;
				INFOPLIST_KEY_UIMainStoryboardFile = Main;
				INFOPLIST_KEY_UIRequiredDeviceCapabilities = "location-services";
				INFOPLIST_KEY_UISupportedInterfaceOrientations_iPad = "UIInterfaceOrientationPortrait UIInterfaceOrientationPortraitUpsideDown UIInterfaceOrientationLandscapeLeft UIInterfaceOrientationLandscapeRight";
				INFOPLIST_KEY_UISupportedInterfaceOrientations_iPhone = "UIInterfaceOrientationPortrait UIInterfaceOrientationLandscapeLeft UIInterfaceOrientationLandscapeRight";
				LD_RUNPATH_SEARCH_PATHS = (
					"$(inherited)",
					"@executable_path/Frameworks",
				);
				MARKETING_VERSION = 1.0;
				PRODUCT_BUNDLE_IDENTIFIER = net.davoleo.MyWeather;
				PRODUCT_NAME = "$(TARGET_NAME)";
				SWIFT_EMIT_LOC_STRINGS = YES;
				TARGETED_DEVICE_FAMILY = "1,2";
			};
			name = Debug;
		};
		6BF0C9D92827AE7F00163E04 /* Release */ = {
			isa = XCBuildConfiguration;
			buildSettings = {
				ASSETCATALOG_COMPILER_APPICON_NAME = AppIcon;
				ASSETCATALOG_COMPILER_GLOBAL_ACCENT_COLOR_NAME = AccentColor;
				CODE_SIGN_STYLE = Automatic;
				CURRENT_PROJECT_VERSION = 1;
				DEVELOPMENT_TEAM = WTV4VUHMYZ;
				GENERATE_INFOPLIST_FILE = YES;
				INFOPLIST_FILE = MyWeather/Info.plist;
				INFOPLIST_KEY_UIApplicationSupportsIndirectInputEvents = YES;
				INFOPLIST_KEY_UILaunchStoryboardName = LaunchScreen;
				INFOPLIST_KEY_UIMainStoryboardFile = Main;
				INFOPLIST_KEY_UIRequiredDeviceCapabilities = "location-services";
				INFOPLIST_KEY_UISupportedInterfaceOrientations_iPad = "UIInterfaceOrientationPortrait UIInterfaceOrientationPortraitUpsideDown UIInterfaceOrientationLandscapeLeft UIInterfaceOrientationLandscapeRight";
				INFOPLIST_KEY_UISupportedInterfaceOrientations_iPhone = "UIInterfaceOrientationPortrait UIInterfaceOrientationLandscapeLeft UIInterfaceOrientationLandscapeRight";
				LD_RUNPATH_SEARCH_PATHS = (
					"$(inherited)",
					"@executable_path/Frameworks",
				);
				MARKETING_VERSION = 1.0;
				PRODUCT_BUNDLE_IDENTIFIER = net.davoleo.MyWeather;
				PRODUCT_NAME = "$(TARGET_NAME)";
				SWIFT_EMIT_LOC_STRINGS = YES;
				TARGETED_DEVICE_FAMILY = "1,2";
			};
			name = Release;
		};
/* End XCBuildConfiguration section */

/* Begin XCConfigurationList section */
		6BF0C9B92827AE7B00163E04 /* Build configuration list for PBXProject "MyWeather" */ = {
			isa = XCConfigurationList;
			buildConfigurations = (
				6BF0C9D52827AE7F00163E04 /* Debug */,
				6BF0C9D62827AE7F00163E04 /* Release */,
			);
			defaultConfigurationIsVisible = 0;
			defaultConfigurationName = Release;
		};
		6BF0C9D72827AE7F00163E04 /* Build configuration list for PBXNativeTarget "MyWeather" */ = {
			isa = XCConfigurationList;
			buildConfigurations = (
				6BF0C9D82827AE7F00163E04 /* Debug */,
				6BF0C9D92827AE7F00163E04 /* Release */,
			);
			defaultConfigurationIsVisible = 0;
			defaultConfigurationName = Release;
		};
/* End XCConfigurationList section */
	};
	rootObject = 6BF0C9B62827AE7B00163E04 /* Project object */;
}
