// !$*UTF8*$!
{
	archiveVersion = 1;
	classes = {
	};
	objectVersion = 50;
	objects = {

/* Begin PBXBuildFile section */
		562820BCDF88776CB471A630 /* FLExampleFriendDataSource.m in Sources */ = {isa = PBXBuildFile; fileRef = 562829BF977FC7B2B79F57AF /* FLExampleFriendDataSource.m */; };
		562823456213789B8186CF81 /* FLPoi.m in Sources */ = {isa = PBXBuildFile; fileRef = 56282C7DD7C79CAF429B7AB9 /* FLPoi.m */; };
		56282432A76800FB66F5C609 /* FLGeoFriend+MapAnnotation.m in Sources */ = {isa = PBXBuildFile; fileRef = 562828A58B1477BBA8A23925 /* FLGeoFriend+MapAnnotation.m */; };
		6B1B84CE28098552007190BD /* FLFriend.m in Sources */ = {isa = PBXBuildFile; fileRef = 6B1B84CD28098552007190BD /* FLFriend.m */; };
		6B1B84D328098739007190BD /* FLFriendList.m in Sources */ = {isa = PBXBuildFile; fileRef = 6B1B84D228098739007190BD /* FLFriendList.m */; };
		6B1B84DA28098D16007190BD /* FLFriendListTableViewController.m in Sources */ = {isa = PBXBuildFile; fileRef = 6B1B84D928098D16007190BD /* FLFriendListTableViewController.m */; };
		6B1B84E42809A3FD007190BD /* FLFriendTableDetailVC.m in Sources */ = {isa = PBXBuildFile; fileRef = 6B1B84E32809A3FD007190BD /* FLFriendTableDetailVC.m */; };
		6B1D9A6E27EF17D0003D006C /* AppDelegate.m in Sources */ = {isa = PBXBuildFile; fileRef = 6B1D9A6D27EF17D0003D006C /* AppDelegate.m */; };
		6B1D9A7127EF17D0003D006C /* SceneDelegate.m in Sources */ = {isa = PBXBuildFile; fileRef = 6B1D9A7027EF17D0003D006C /* SceneDelegate.m */; };
		6B1D9A7427EF17D0003D006C /* ViewController.m in Sources */ = {isa = PBXBuildFile; fileRef = 6B1D9A7327EF17D0003D006C /* ViewController.m */; };
		6B1D9A7727EF17D0003D006C /* Main.storyboard in Resources */ = {isa = PBXBuildFile; fileRef = 6B1D9A7527EF17D0003D006C /* Main.storyboard */; };
		6B1D9A7927EF17D1003D006C /* Assets.xcassets in Resources */ = {isa = PBXBuildFile; fileRef = 6B1D9A7827EF17D1003D006C /* Assets.xcassets */; };
		6B1D9A7C27EF17D1003D006C /* LaunchScreen.storyboard in Resources */ = {isa = PBXBuildFile; fileRef = 6B1D9A7A27EF17D1003D006C /* LaunchScreen.storyboard */; };
		6B1D9A7F27EF17D1003D006C /* main.m in Sources */ = {isa = PBXBuildFile; fileRef = 6B1D9A7E27EF17D1003D006C /* main.m */; };
		6B953F82281D3FA500107BAF /* FLGeoFriend.m in Sources */ = {isa = PBXBuildFile; fileRef = 6B953F81281D3FA500107BAF /* FLGeoFriend.m */; };
		6B953F86281D44D800107BAF /* FLFriendMapVC.m in Sources */ = {isa = PBXBuildFile; fileRef = 6B953F85281D44D800107BAF /* FLFriendMapVC.m */; };
		6B953F8A281D4A8F00107BAF /* MapKit.framework in Frameworks */ = {isa = PBXBuildFile; fileRef = 6B953F89281D4A8F00107BAF /* MapKit.framework */; };
		6BF9539C27EF290A000143E0 /* FLCounter.m in Sources */ = {isa = PBXBuildFile; fileRef = 6BF9539B27EF290A000143E0 /* FLCounter.m */; };
/* End PBXBuildFile section */

/* Begin PBXFileReference section */
		5628202B7A6E3B06A14F6A40 /* FLGeoFriend+MapAnnotation.h */ = {isa = PBXFileReference; fileEncoding = 4; lastKnownFileType = sourcecode.c.h; path = "FLGeoFriend+MapAnnotation.h"; sourceTree = "<group>"; };
		56282335408C332E29174316 /* FLFriendDataSource.h */ = {isa = PBXFileReference; fileEncoding = 4; lastKnownFileType = sourcecode.c.h; path = FLFriendDataSource.h; sourceTree = "<group>"; };
		5628251AB77C70E66314D6A5 /* FLExampleFriendDataSource.h */ = {isa = PBXFileReference; fileEncoding = 4; lastKnownFileType = sourcecode.c.h; path = FLExampleFriendDataSource.h; sourceTree = "<group>"; };
		562828A58B1477BBA8A23925 /* FLGeoFriend+MapAnnotation.m */ = {isa = PBXFileReference; fileEncoding = 4; lastKnownFileType = sourcecode.c.objc; path = "FLGeoFriend+MapAnnotation.m"; sourceTree = "<group>"; };
		562829BF977FC7B2B79F57AF /* FLExampleFriendDataSource.m */ = {isa = PBXFileReference; fileEncoding = 4; lastKnownFileType = sourcecode.c.objc; path = FLExampleFriendDataSource.m; sourceTree = "<group>"; };
		56282BC669FAB2797BD3A004 /* FLPoi.h */ = {isa = PBXFileReference; fileEncoding = 4; lastKnownFileType = sourcecode.c.h; path = FLPoi.h; sourceTree = "<group>"; };
		56282C7DD7C79CAF429B7AB9 /* FLPoi.m */ = {isa = PBXFileReference; fileEncoding = 4; lastKnownFileType = sourcecode.c.objc; path = FLPoi.m; sourceTree = "<group>"; };
		6B1B84CC28098552007190BD /* FLFriend.h */ = {isa = PBXFileReference; lastKnownFileType = sourcecode.c.h; path = FLFriend.h; sourceTree = "<group>"; };
		6B1B84CD28098552007190BD /* FLFriend.m */ = {isa = PBXFileReference; lastKnownFileType = sourcecode.c.objc; path = FLFriend.m; sourceTree = "<group>"; };
		6B1B84D128098739007190BD /* FLFriendList.h */ = {isa = PBXFileReference; lastKnownFileType = sourcecode.c.h; path = FLFriendList.h; sourceTree = "<group>"; };
		6B1B84D228098739007190BD /* FLFriendList.m */ = {isa = PBXFileReference; lastKnownFileType = sourcecode.c.objc; path = FLFriendList.m; sourceTree = "<group>"; };
		6B1B84D828098D16007190BD /* FLFriendListTableViewController.h */ = {isa = PBXFileReference; lastKnownFileType = sourcecode.c.h; path = FLFriendListTableViewController.h; sourceTree = "<group>"; };
		6B1B84D928098D16007190BD /* FLFriendListTableViewController.m */ = {isa = PBXFileReference; lastKnownFileType = sourcecode.c.objc; path = FLFriendListTableViewController.m; sourceTree = "<group>"; };
		6B1B84E22809A3FD007190BD /* FLFriendTableDetailVC.h */ = {isa = PBXFileReference; lastKnownFileType = sourcecode.c.h; path = FLFriendTableDetailVC.h; sourceTree = "<group>"; };
		6B1B84E32809A3FD007190BD /* FLFriendTableDetailVC.m */ = {isa = PBXFileReference; lastKnownFileType = sourcecode.c.objc; path = FLFriendTableDetailVC.m; sourceTree = "<group>"; };
		6B1D9A6927EF17D0003D006C /* FirstLab.app */ = {isa = PBXFileReference; explicitFileType = wrapper.application; includeInIndex = 0; path = FirstLab.app; sourceTree = BUILT_PRODUCTS_DIR; };
		6B1D9A6C27EF17D0003D006C /* AppDelegate.h */ = {isa = PBXFileReference; lastKnownFileType = sourcecode.c.h; path = AppDelegate.h; sourceTree = "<group>"; };
		6B1D9A6D27EF17D0003D006C /* AppDelegate.m */ = {isa = PBXFileReference; lastKnownFileType = sourcecode.c.objc; path = AppDelegate.m; sourceTree = "<group>"; };
		6B1D9A6F27EF17D0003D006C /* SceneDelegate.h */ = {isa = PBXFileReference; lastKnownFileType = sourcecode.c.h; path = SceneDelegate.h; sourceTree = "<group>"; };
		6B1D9A7027EF17D0003D006C /* SceneDelegate.m */ = {isa = PBXFileReference; lastKnownFileType = sourcecode.c.objc; path = SceneDelegate.m; sourceTree = "<group>"; };
		6B1D9A7227EF17D0003D006C /* ViewController.h */ = {isa = PBXFileReference; lastKnownFileType = sourcecode.c.h; path = ViewController.h; sourceTree = "<group>"; };
		6B1D9A7327EF17D0003D006C /* ViewController.m */ = {isa = PBXFileReference; lastKnownFileType = sourcecode.c.objc; path = ViewController.m; sourceTree = "<group>"; };
		6B1D9A7627EF17D0003D006C /* Base */ = {isa = PBXFileReference; lastKnownFileType = file.storyboard; name = Base; path = Base.lproj/Main.storyboard; sourceTree = "<group>"; };
		6B1D9A7827EF17D1003D006C /* Assets.xcassets */ = {isa = PBXFileReference; lastKnownFileType = folder.assetcatalog; path = Assets.xcassets; sourceTree = "<group>"; };
		6B1D9A7B27EF17D1003D006C /* Base */ = {isa = PBXFileReference; lastKnownFileType = file.storyboard; name = Base; path = Base.lproj/LaunchScreen.storyboard; sourceTree = "<group>"; };
		6B1D9A7D27EF17D1003D006C /* Info.plist */ = {isa = PBXFileReference; lastKnownFileType = text.plist.xml; path = Info.plist; sourceTree = "<group>"; };
		6B1D9A7E27EF17D1003D006C /* main.m */ = {isa = PBXFileReference; lastKnownFileType = sourcecode.c.objc; path = main.m; sourceTree = "<group>"; };
		6B834222284D030F00B10FA7 /* test.storyboard */ = {isa = PBXFileReference; lastKnownFileType = file.storyboard; name = test.storyboard; path = ../../../../../../test.storyboard; sourceTree = "<group>"; };
		6B953F80281D3FA500107BAF /* FLGeoFriend.h */ = {isa = PBXFileReference; lastKnownFileType = sourcecode.c.h; path = FLGeoFriend.h; sourceTree = "<group>"; };
		6B953F81281D3FA500107BAF /* FLGeoFriend.m */ = {isa = PBXFileReference; lastKnownFileType = sourcecode.c.objc; path = FLGeoFriend.m; sourceTree = "<group>"; };
		6B953F84281D44D800107BAF /* FLFriendMapVC.h */ = {isa = PBXFileReference; lastKnownFileType = sourcecode.c.h; path = FLFriendMapVC.h; sourceTree = "<group>"; };
		6B953F85281D44D800107BAF /* FLFriendMapVC.m */ = {isa = PBXFileReference; lastKnownFileType = sourcecode.c.objc; path = FLFriendMapVC.m; sourceTree = "<group>"; };
		6B953F89281D4A8F00107BAF /* MapKit.framework */ = {isa = PBXFileReference; lastKnownFileType = wrapper.framework; name = MapKit.framework; path = System/Library/Frameworks/MapKit.framework; sourceTree = SDKROOT; };
		6BF9539A27EF290A000143E0 /* FLCounter.h */ = {isa = PBXFileReference; lastKnownFileType = sourcecode.c.h; path = FLCounter.h; sourceTree = "<group>"; };
		6BF9539B27EF290A000143E0 /* FLCounter.m */ = {isa = PBXFileReference; lastKnownFileType = sourcecode.c.objc; path = FLCounter.m; sourceTree = "<group>"; };
/* End PBXFileReference section */

/* Begin PBXFrameworksBuildPhase section */
		6B1D9A6627EF17D0003D006C /* Frameworks */ = {
			isa = PBXFrameworksBuildPhase;
			buildActionMask = 2147483647;
			files = (
				6B953F8A281D4A8F00107BAF /* MapKit.framework in Frameworks */,
			);
			runOnlyForDeploymentPostprocessing = 0;
		};
/* End PBXFrameworksBuildPhase section */

/* Begin PBXGroup section */
		6B1B84D0280986F1007190BD /* FriendList */ = {
			isa = PBXGroup;
			children = (
				6B1B84E22809A3FD007190BD /* FLFriendTableDetailVC.h */,
				6B1B84E32809A3FD007190BD /* FLFriendTableDetailVC.m */,
				6B1B84CC28098552007190BD /* FLFriend.h */,
				6B1B84CD28098552007190BD /* FLFriend.m */,
				6B1B84D128098739007190BD /* FLFriendList.h */,
				6B1B84D228098739007190BD /* FLFriendList.m */,
				6B1B84D828098D16007190BD /* FLFriendListTableViewController.h */,
				6B1B84D928098D16007190BD /* FLFriendListTableViewController.m */,
				6B953F80281D3FA500107BAF /* FLGeoFriend.h */,
				6B953F81281D3FA500107BAF /* FLGeoFriend.m */,
				6B953F84281D44D800107BAF /* FLFriendMapVC.h */,
				6B953F85281D44D800107BAF /* FLFriendMapVC.m */,
				562828A58B1477BBA8A23925 /* FLGeoFriend+MapAnnotation.m */,
				5628202B7A6E3B06A14F6A40 /* FLGeoFriend+MapAnnotation.h */,
				56282335408C332E29174316 /* FLFriendDataSource.h */,
			);
			path = FriendList;
			sourceTree = "<group>";
		};
		6B1B84D628098961007190BD /* Model */ = {
			isa = PBXGroup;
			children = (
				6BF9539A27EF290A000143E0 /* FLCounter.h */,
				6BF9539B27EF290A000143E0 /* FLCounter.m */,
				56282C7DD7C79CAF429B7AB9 /* FLPoi.m */,
				56282BC669FAB2797BD3A004 /* FLPoi.h */,
				562829BF977FC7B2B79F57AF /* FLExampleFriendDataSource.m */,
				5628251AB77C70E66314D6A5 /* FLExampleFriendDataSource.h */,
			);
			path = Model;
			sourceTree = "<group>";
		};
		6B1D9A6027EF17CF003D006C = {
			isa = PBXGroup;
			children = (
				6B1D9A6B27EF17D0003D006C /* FirstLab */,
				6B1D9A6A27EF17D0003D006C /* Products */,
				6B953F88281D4A8F00107BAF /* Frameworks */,
			);
			sourceTree = "<group>";
		};
		6B1D9A6A27EF17D0003D006C /* Products */ = {
			isa = PBXGroup;
			children = (
				6B1D9A6927EF17D0003D006C /* FirstLab.app */,
			);
			name = Products;
			sourceTree = "<group>";
		};
		6B1D9A6B27EF17D0003D006C /* FirstLab */ = {
			isa = PBXGroup;
			children = (
				6B1B84D0280986F1007190BD /* FriendList */,
				6B1B84D628098961007190BD /* Model */,
				6B1D9A6C27EF17D0003D006C /* AppDelegate.h */,
				6B1D9A6D27EF17D0003D006C /* AppDelegate.m */,
				6B1D9A6F27EF17D0003D006C /* SceneDelegate.h */,
				6B1D9A7027EF17D0003D006C /* SceneDelegate.m */,
				6B1D9A7227EF17D0003D006C /* ViewController.h */,
				6B1D9A7327EF17D0003D006C /* ViewController.m */,
				6B1D9A7527EF17D0003D006C /* Main.storyboard */,
				6B1D9A7827EF17D1003D006C /* Assets.xcassets */,
				6B1D9A7A27EF17D1003D006C /* LaunchScreen.storyboard */,
				6B834222284D030F00B10FA7 /* test.storyboard */,
				6B1D9A7D27EF17D1003D006C /* Info.plist */,
				6B1D9A7E27EF17D1003D006C /* main.m */,
			);
			path = FirstLab;
			sourceTree = "<group>";
		};
		6B953F88281D4A8F00107BAF /* Frameworks */ = {
			isa = PBXGroup;
			children = (
				6B953F89281D4A8F00107BAF /* MapKit.framework */,
			);
			name = Frameworks;
			sourceTree = "<group>";
		};
/* End PBXGroup section */

/* Begin PBXNativeTarget section */
		6B1D9A6827EF17D0003D006C /* FirstLab */ = {
			isa = PBXNativeTarget;
			buildConfigurationList = 6B1D9A8227EF17D1003D006C /* Build configuration list for PBXNativeTarget "FirstLab" */;
			buildPhases = (
				6B1D9A6527EF17D0003D006C /* Sources */,
				6B1D9A6627EF17D0003D006C /* Frameworks */,
				6B1D9A6727EF17D0003D006C /* Resources */,
			);
			buildRules = (
			);
			dependencies = (
			);
			name = FirstLab;
			productName = FirstLab;
			productReference = 6B1D9A6927EF17D0003D006C /* FirstLab.app */;
			productType = "com.apple.product-type.application";
		};
/* End PBXNativeTarget section */

/* Begin PBXProject section */
		6B1D9A6127EF17CF003D006C /* Project object */ = {
			isa = PBXProject;
			attributes = {
				LastUpgradeCheck = 1240;
				TargetAttributes = {
					6B1D9A6827EF17D0003D006C = {
						CreatedOnToolsVersion = 12.4;
					};
				};
			};
			buildConfigurationList = 6B1D9A6427EF17CF003D006C /* Build configuration list for PBXProject "FirstLab" */;
			compatibilityVersion = "Xcode 9.3";
			developmentRegion = en;
			hasScannedForEncodings = 0;
			knownRegions = (
				en,
				Base,
			);
			mainGroup = 6B1D9A6027EF17CF003D006C;
			productRefGroup = 6B1D9A6A27EF17D0003D006C /* Products */;
			projectDirPath = "";
			projectRoot = "";
			targets = (
				6B1D9A6827EF17D0003D006C /* FirstLab */,
			);
		};
/* End PBXProject section */

/* Begin PBXResourcesBuildPhase section */
		6B1D9A6727EF17D0003D006C /* Resources */ = {
			isa = PBXResourcesBuildPhase;
			buildActionMask = 2147483647;
			files = (
				6B1D9A7C27EF17D1003D006C /* LaunchScreen.storyboard in Resources */,
				6B1D9A7927EF17D1003D006C /* Assets.xcassets in Resources */,
				6B1D9A7727EF17D0003D006C /* Main.storyboard in Resources */,
			);
			runOnlyForDeploymentPostprocessing = 0;
		};
/* End PBXResourcesBuildPhase section */

/* Begin PBXSourcesBuildPhase section */
		6B1D9A6527EF17D0003D006C /* Sources */ = {
			isa = PBXSourcesBuildPhase;
			buildActionMask = 2147483647;
			files = (
				6B1D9A7427EF17D0003D006C /* ViewController.m in Sources */,
				6B1D9A6E27EF17D0003D006C /* AppDelegate.m in Sources */,
				6B1D9A7F27EF17D1003D006C /* main.m in Sources */,
				6B1B84DA28098D16007190BD /* FLFriendListTableViewController.m in Sources */,
				6B953F82281D3FA500107BAF /* FLGeoFriend.m in Sources */,
				6B1B84CE28098552007190BD /* FLFriend.m in Sources */,
				6B1B84D328098739007190BD /* FLFriendList.m in Sources */,
				6B1B84E42809A3FD007190BD /* FLFriendTableDetailVC.m in Sources */,
				6BF9539C27EF290A000143E0 /* FLCounter.m in Sources */,
				6B1D9A7127EF17D0003D006C /* SceneDelegate.m in Sources */,
				562823456213789B8186CF81 /* FLPoi.m in Sources */,
				6B953F86281D44D800107BAF /* FLFriendMapVC.m in Sources */,
				56282432A76800FB66F5C609 /* FLGeoFriend+MapAnnotation.m in Sources */,
				562820BCDF88776CB471A630 /* FLExampleFriendDataSource.m in Sources */,
			);
			runOnlyForDeploymentPostprocessing = 0;
		};
/* End PBXSourcesBuildPhase section */

/* Begin PBXVariantGroup section */
		6B1D9A7527EF17D0003D006C /* Main.storyboard */ = {
			isa = PBXVariantGroup;
			children = (
				6B1D9A7627EF17D0003D006C /* Base */,
			);
			name = Main.storyboard;
			sourceTree = "<group>";
		};
		6B1D9A7A27EF17D1003D006C /* LaunchScreen.storyboard */ = {
			isa = PBXVariantGroup;
			children = (
				6B1D9A7B27EF17D1003D006C /* Base */,
			);
			name = LaunchScreen.storyboard;
			sourceTree = "<group>";
		};
/* End PBXVariantGroup section */

/* Begin XCBuildConfiguration section */
		6B1D9A8027EF17D1003D006C /* Debug */ = {
			isa = XCBuildConfiguration;
			buildSettings = {
				ALWAYS_SEARCH_USER_PATHS = NO;
				CLANG_ANALYZER_NONNULL = YES;
				CLANG_ANALYZER_NUMBER_OBJECT_CONVERSION = YES_AGGRESSIVE;
				CLANG_CXX_LANGUAGE_STANDARD = "gnu++14";
				CLANG_CXX_LIBRARY = "libc++";
				CLANG_ENABLE_MODULES = YES;
				CLANG_ENABLE_OBJC_ARC = YES;
				CLANG_ENABLE_OBJC_WEAK = YES;
				CLANG_WARN_BLOCK_CAPTURE_AUTORELEASING = YES;
				CLANG_WARN_BOOL_CONVERSION = YES;
				CLANG_WARN_COMMA = YES;
				CLANG_WARN_CONSTANT_CONVERSION = YES;
				CLANG_WARN_DEPRECATED_OBJC_IMPLEMENTATIONS = YES;
				CLANG_WARN_DIRECT_OBJC_ISA_USAGE = YES_ERROR;
				CLANG_WARN_DOCUMENTATION_COMMENTS = YES;
				CLANG_WARN_EMPTY_BODY = YES;
				CLANG_WARN_ENUM_CONVERSION = YES;
				CLANG_WARN_INFINITE_RECURSION = YES;
				CLANG_WARN_INT_CONVERSION = YES;
				CLANG_WARN_NON_LITERAL_NULL_CONVERSION = YES;
				CLANG_WARN_OBJC_IMPLICIT_RETAIN_SELF = YES;
				CLANG_WARN_OBJC_LITERAL_CONVERSION = YES;
				CLANG_WARN_OBJC_ROOT_CLASS = YES_ERROR;
				CLANG_WARN_QUOTED_INCLUDE_IN_FRAMEWORK_HEADER = YES;
				CLANG_WARN_RANGE_LOOP_ANALYSIS = YES;
				CLANG_WARN_STRICT_PROTOTYPES = YES;
				CLANG_WARN_SUSPICIOUS_MOVE = YES;
				CLANG_WARN_UNGUARDED_AVAILABILITY = YES_AGGRESSIVE;
				CLANG_WARN_UNREACHABLE_CODE = YES;
				CLANG_WARN__DUPLICATE_METHOD_MATCH = YES;
				COPY_PHASE_STRIP = NO;
				DEBUG_INFORMATION_FORMAT = dwarf;
				ENABLE_STRICT_OBJC_MSGSEND = YES;
				ENABLE_TESTABILITY = YES;
				GCC_C_LANGUAGE_STANDARD = gnu11;
				GCC_DYNAMIC_NO_PIC = NO;
				GCC_NO_COMMON_BLOCKS = YES;
				GCC_OPTIMIZATION_LEVEL = 0;
				GCC_PREPROCESSOR_DEFINITIONS = (
					"DEBUG=1",
					"$(inherited)",
				);
				GCC_WARN_64_TO_32_BIT_CONVERSION = YES;
				GCC_WARN_ABOUT_RETURN_TYPE = YES_ERROR;
				GCC_WARN_UNDECLARED_SELECTOR = YES;
				GCC_WARN_UNINITIALIZED_AUTOS = YES_AGGRESSIVE;
				GCC_WARN_UNUSED_FUNCTION = YES;
				GCC_WARN_UNUSED_VARIABLE = YES;
				IPHONEOS_DEPLOYMENT_TARGET = 14.4;
				MTL_ENABLE_DEBUG_INFO = INCLUDE_SOURCE;
				MTL_FAST_MATH = YES;
				ONLY_ACTIVE_ARCH = YES;
				SDKROOT = iphoneos;
			};
			name = Debug;
		};
		6B1D9A8127EF17D1003D006C /* Release */ = {
			isa = XCBuildConfiguration;
			buildSettings = {
				ALWAYS_SEARCH_USER_PATHS = NO;
				CLANG_ANALYZER_NONNULL = YES;
				CLANG_ANALYZER_NUMBER_OBJECT_CONVERSION = YES_AGGRESSIVE;
				CLANG_CXX_LANGUAGE_STANDARD = "gnu++14";
				CLANG_CXX_LIBRARY = "libc++";
				CLANG_ENABLE_MODULES = YES;
				CLANG_ENABLE_OBJC_ARC = YES;
				CLANG_ENABLE_OBJC_WEAK = YES;
				CLANG_WARN_BLOCK_CAPTURE_AUTORELEASING = YES;
				CLANG_WARN_BOOL_CONVERSION = YES;
				CLANG_WARN_COMMA = YES;
				CLANG_WARN_CONSTANT_CONVERSION = YES;
				CLANG_WARN_DEPRECATED_OBJC_IMPLEMENTATIONS = YES;
				CLANG_WARN_DIRECT_OBJC_ISA_USAGE = YES_ERROR;
				CLANG_WARN_DOCUMENTATION_COMMENTS = YES;
				CLANG_WARN_EMPTY_BODY = YES;
				CLANG_WARN_ENUM_CONVERSION = YES;
				CLANG_WARN_INFINITE_RECURSION = YES;
				CLANG_WARN_INT_CONVERSION = YES;
				CLANG_WARN_NON_LITERAL_NULL_CONVERSION = YES;
				CLANG_WARN_OBJC_IMPLICIT_RETAIN_SELF = YES;
				CLANG_WARN_OBJC_LITERAL_CONVERSION = YES;
				CLANG_WARN_OBJC_ROOT_CLASS = YES_ERROR;
				CLANG_WARN_QUOTED_INCLUDE_IN_FRAMEWORK_HEADER = YES;
				CLANG_WARN_RANGE_LOOP_ANALYSIS = YES;
				CLANG_WARN_STRICT_PROTOTYPES = YES;
				CLANG_WARN_SUSPICIOUS_MOVE = YES;
				CLANG_WARN_UNGUARDED_AVAILABILITY = YES_AGGRESSIVE;
				CLANG_WARN_UNREACHABLE_CODE = YES;
				CLANG_WARN__DUPLICATE_METHOD_MATCH = YES;
				COPY_PHASE_STRIP = NO;
				DEBUG_INFORMATION_FORMAT = "dwarf-with-dsym";
				ENABLE_NS_ASSERTIONS = NO;
				ENABLE_STRICT_OBJC_MSGSEND = YES;
				GCC_C_LANGUAGE_STANDARD = gnu11;
				GCC_NO_COMMON_BLOCKS = YES;
				GCC_WARN_64_TO_32_BIT_CONVERSION = YES;
				GCC_WARN_ABOUT_RETURN_TYPE = YES_ERROR;
				GCC_WARN_UNDECLARED_SELECTOR = YES;
				GCC_WARN_UNINITIALIZED_AUTOS = YES_AGGRESSIVE;
				GCC_WARN_UNUSED_FUNCTION = YES;
				GCC_WARN_UNUSED_VARIABLE = YES;
				IPHONEOS_DEPLOYMENT_TARGET = 14.4;
				MTL_ENABLE_DEBUG_INFO = NO;
				MTL_FAST_MATH = YES;
				SDKROOT = iphoneos;
				VALIDATE_PRODUCT = YES;
			};
			name = Release;
		};
		6B1D9A8327EF17D1003D006C /* Debug */ = {
			isa = XCBuildConfiguration;
			buildSettings = {
				ASSETCATALOG_COMPILER_APPICON_NAME = AppIcon;
				ASSETCATALOG_COMPILER_GLOBAL_ACCENT_COLOR_NAME = AccentColor;
				CODE_SIGN_STYLE = Automatic;
				INFOPLIST_FILE = FirstLab/Info.plist;
				LD_RUNPATH_SEARCH_PATHS = (
					"$(inherited)",
					"@executable_path/Frameworks",
				);
				PRODUCT_BUNDLE_IDENTIFIER = net.davoleo.FirstLab;
				PRODUCT_NAME = "$(TARGET_NAME)";
				TARGETED_DEVICE_FAMILY = "1,2";
			};
			name = Debug;
		};
		6B1D9A8427EF17D1003D006C /* Release */ = {
			isa = XCBuildConfiguration;
			buildSettings = {
				ASSETCATALOG_COMPILER_APPICON_NAME = AppIcon;
				ASSETCATALOG_COMPILER_GLOBAL_ACCENT_COLOR_NAME = AccentColor;
				CODE_SIGN_STYLE = Automatic;
				INFOPLIST_FILE = FirstLab/Info.plist;
				LD_RUNPATH_SEARCH_PATHS = (
					"$(inherited)",
					"@executable_path/Frameworks",
				);
				PRODUCT_BUNDLE_IDENTIFIER = net.davoleo.FirstLab;
				PRODUCT_NAME = "$(TARGET_NAME)";
				TARGETED_DEVICE_FAMILY = "1,2";
			};
			name = Release;
		};
/* End XCBuildConfiguration section */

/* Begin XCConfigurationList section */
		6B1D9A6427EF17CF003D006C /* Build configuration list for PBXProject "FirstLab" */ = {
			isa = XCConfigurationList;
			buildConfigurations = (
				6B1D9A8027EF17D1003D006C /* Debug */,
				6B1D9A8127EF17D1003D006C /* Release */,
			);
			defaultConfigurationIsVisible = 0;
			defaultConfigurationName = Release;
		};
		6B1D9A8227EF17D1003D006C /* Build configuration list for PBXNativeTarget "FirstLab" */ = {
			isa = XCConfigurationList;
			buildConfigurations = (
				6B1D9A8327EF17D1003D006C /* Debug */,
				6B1D9A8427EF17D1003D006C /* Release */,
			);
			defaultConfigurationIsVisible = 0;
			defaultConfigurationName = Release;
		};
/* End XCConfigurationList section */
	};
	rootObject = 6B1D9A6127EF17CF003D006C /* Project object */;
}
